
Microsoft Visual Studio Solution File, Format Version 12.00
# Visual Studio Version 17
VisualStudioVersion = 17.3.32819.101
MinimumVisualStudioVersion = 10.0.40219.1
Project("{FAE04EC0-301F-11D3-BF4B-00C04F79EFBC}") = "TicTacToe", "TicTacToe.csproj", "{6B758A88-558B-427B-836E-804234D2BDB6}"
EndProject
Global
	GlobalSection(SolutionConfigurationPlatforms) = preSolution
		Debug|Any CPU = Debug|Any CPU
		Release|Any CPU = Release|Any CPU
	EndGlobalSection
	GlobalSection(ProjectConfigurationPlatforms) = postSolution
		{6B758A88-558B-427B-836E-804234D2BDB6}.Debug|Any CPU.ActiveCfg = Debug|Any CPU
		{6B758A88-558B-427B-836E-804234D2BDB6}.Debug|Any CPU.Build.0 = Debug|Any CPU
		{6B758A88-558B-427B-836E-804234D2BDB6}.Release|Any CPU.ActiveCfg = Release|Any CPU
		{6B758A88-558B-427B-836E-804234D2BDB6}.Release|Any CPU.Build.0 = Release|Any CPU
	EndGlobalSection
	GlobalSection(SolutionProperties) = preSolution
		HideSolutionNode = FALSE
	EndGlobalSection
	GlobalSection(ExtensibilityGlobals) = postSolution
		SolutionGuid = {C1310C24-4DA1-46E7-9799-0FA86230FC3F}
	EndGlobalSection
EndGlobal
